
Microsoft Visual Studio Solution File, Format Version 12.00
# Visual Studio 15
VisualStudioVersion = 15.0.27703.2042
MinimumVisualStudioVersion = 10.0.40219.1
Project("{FAE04EC0-301F-11D3-BF4B-00C04F79EFBC}") = "Algorithm", "ConsoleApp5\Algorithm.csproj", "{C9697414-719E-4710-AC8F-7D67739D104B}"
EndProject
Project("{FAE04EC0-301F-11D3-BF4B-00C04F79EFBC}") = "AlgorithmTest", "UnitTestProject1\AlgorithmTest.csproj", "{962E197A-8619-4A63-85C0-1179A6D48C12}"
EndProject
Global
	GlobalSection(SolutionConfigurationPlatforms) = preSolution
		Debug|Any CPU = Debug|Any CPU
		Release|Any CPU = Release|Any CPU
	EndGlobalSection
	GlobalSection(ProjectConfigurationPlatforms) = postSolution
		{C9697414-719E-4710-AC8F-7D67739D104B}.Debug|Any CPU.ActiveCfg = Debug|Any CPU
		{C9697414-719E-4710-AC8F-7D67739D104B}.Debug|Any CPU.Build.0 = Debug|Any CPU
		{C9697414-719E-4710-AC8F-7D67739D104B}.Release|Any CPU.ActiveCfg = Release|Any CPU
		{C9697414-719E-4710-AC8F-7D67739D104B}.Release|Any CPU.Build.0 = Release|Any CPU
		{962E197A-8619-4A63-85C0-1179A6D48C12}.Debug|Any CPU.ActiveCfg = Debug|Any CPU
		{962E197A-8619-4A63-85C0-1179A6D48C12}.Debug|Any CPU.Build.0 = Debug|Any CPU
		{962E197A-8619-4A63-85C0-1179A6D48C12}.Release|Any CPU.ActiveCfg = Release|Any CPU
		{962E197A-8619-4A63-85C0-1179A6D48C12}.Release|Any CPU.Build.0 = Release|Any CPU
	EndGlobalSection
	GlobalSection(SolutionProperties) = preSolution
		HideSolutionNode = FALSE
	EndGlobalSection
	GlobalSection(ExtensibilityGlobals) = postSolution
		SolutionGuid = {AB093156-5946-4671-9DCA-F717B2727C56}
	EndGlobalSection
EndGlobal
