
Microsoft Visual Studio Solution File, Format Version 12.00
# Visual Studio 15
VisualStudioVersion = 15.0.27703.2042
MinimumVisualStudioVersion = 10.0.40219.1
Project("{FAE04EC0-301F-11D3-BF4B-00C04F79EFBC}") = "Algorithm", "..\..\..\..\..\..\..\source\repos\ConsoleApp5\ConsoleApp5\Algorithm.csproj", "{C9697414-719E-4710-AC8F-7D67739D104B}"
EndProject
Project("{FAE04EC0-301F-11D3-BF4B-00C04F79EFBC}") = "AlgorithmTest", "..\..\..\..\..\..\..\source\repos\ConsoleApp5\UnitTestProject1\AlgorithmTest.csproj", "{962E197A-8619-4A63-85C0-1179A6D48C12}"
EndProject
Global
	GlobalSection(SolutionConfigurationPlatforms) = preSolution
		Debug|Any CPU = Debug|Any CPU
		Debug|ARM = Debug|ARM
		Debug|x64 = Debug|x64
		Debug|x86 = Debug|x86
		Release|Any CPU = Release|Any CPU
		Release|ARM = Release|ARM
		Release|x64 = Release|x64
		Release|x86 = Release|x86
	EndGlobalSection
	GlobalSection(ProjectConfigurationPlatforms) = postSolution
		{C9697414-719E-4710-AC8F-7D67739D104B}.Debug|Any CPU.ActiveCfg = Debug|Any CPU
		{C9697414-719E-4710-AC8F-7D67739D104B}.Debug|Any CPU.Build.0 = Debug|Any CPU
		{C9697414-719E-4710-AC8F-7D67739D104B}.Debug|ARM.ActiveCfg = Debug|Any CPU
		{C9697414-719E-4710-AC8F-7D67739D104B}.Debug|ARM.Build.0 = Debug|Any CPU
		{C9697414-719E-4710-AC8F-7D67739D104B}.Debug|x64.ActiveCfg = Debug|Any CPU
		{C9697414-719E-4710-AC8F-7D67739D104B}.Debug|x64.Build.0 = Debug|Any CPU
		{C9697414-719E-4710-AC8F-7D67739D104B}.Debug|x86.ActiveCfg = Debug|Any CPU
		{C9697414-719E-4710-AC8F-7D67739D104B}.Debug|x86.Build.0 = Debug|Any CPU
		{C9697414-719E-4710-AC8F-7D67739D104B}.Release|Any CPU.ActiveCfg = Release|Any CPU
		{C9697414-719E-4710-AC8F-7D67739D104B}.Release|Any CPU.Build.0 = Release|Any CPU
		{C9697414-719E-4710-AC8F-7D67739D104B}.Release|ARM.ActiveCfg = Release|Any CPU
		{C9697414-719E-4710-AC8F-7D67739D104B}.Release|ARM.Build.0 = Release|Any CPU
		{C9697414-719E-4710-AC8F-7D67739D104B}.Release|x64.ActiveCfg = Release|Any CPU
		{C9697414-719E-4710-AC8F-7D67739D104B}.Release|x64.Build.0 = Release|Any CPU
		{C9697414-719E-4710-AC8F-7D67739D104B}.Release|x86.ActiveCfg = Release|Any CPU
		{C9697414-719E-4710-AC8F-7D67739D104B}.Release|x86.Build.0 = Release|Any CPU
		{962E197A-8619-4A63-85C0-1179A6D48C12}.Debug|Any CPU.ActiveCfg = Debug|Any CPU
		{962E197A-8619-4A63-85C0-1179A6D48C12}.Debug|Any CPU.Build.0 = Debug|Any CPU
		{962E197A-8619-4A63-85C0-1179A6D48C12}.Debug|ARM.ActiveCfg = Debug|Any CPU
		{962E197A-8619-4A63-85C0-1179A6D48C12}.Debug|ARM.Build.0 = Debug|Any CPU
		{962E197A-8619-4A63-85C0-1179A6D48C12}.Debug|x64.ActiveCfg = Debug|Any CPU
		{962E197A-8619-4A63-85C0-1179A6D48C12}.Debug|x64.Build.0 = Debug|Any CPU
		{962E197A-8619-4A63-85C0-1179A6D48C12}.Debug|x86.ActiveCfg = Debug|Any CPU
		{962E197A-8619-4A63-85C0-1179A6D48C12}.Debug|x86.Build.0 = Debug|Any CPU
		{962E197A-8619-4A63-85C0-1179A6D48C12}.Release|Any CPU.ActiveCfg = Release|Any CPU
		{962E197A-8619-4A63-85C0-1179A6D48C12}.Release|Any CPU.Build.0 = Release|Any CPU
		{962E197A-8619-4A63-85C0-1179A6D48C12}.Release|ARM.ActiveCfg = Release|Any CPU
		{962E197A-8619-4A63-85C0-1179A6D48C12}.Release|ARM.Build.0 = Release|Any CPU
		{962E197A-8619-4A63-85C0-1179A6D48C12}.Release|x64.ActiveCfg = Release|Any CPU
		{962E197A-8619-4A63-85C0-1179A6D48C12}.Release|x64.Build.0 = Release|Any CPU
		{962E197A-8619-4A63-85C0-1179A6D48C12}.Release|x86.ActiveCfg = Release|Any CPU
		{962E197A-8619-4A63-85C0-1179A6D48C12}.Release|x86.Build.0 = Release|Any CPU
	EndGlobalSection
	GlobalSection(SolutionProperties) = preSolution
		HideSolutionNode = FALSE
	EndGlobalSection
	GlobalSection(ExtensibilityGlobals) = postSolution
		SolutionGuid = {B7913C1B-4FB8-4263-BCFF-1B97A575772C}
	EndGlobalSection
EndGlobal
